
Microsoft Visual Studio Solution File, Format Version 12.00
# Visual Studio Version 17
VisualStudioVersion = 17.5.33424.131
MinimumVisualStudioVersion = 10.0.40219.1
Project("{FAE04EC0-301F-11D3-BF4B-00C04F79EFBC}") = "RoTNFixer", "RoTNFixer\RoTNFixer.csproj", "{EFC4A81F-A993-4CCA-8391-C9326FAC93C2}"
EndProject
Global
	GlobalSection(SolutionConfigurationPlatforms) = preSolution
		Debug|Any CPU = Debug|Any CPU
		Release|Any CPU = Release|Any CPU
	EndGlobalSection
	GlobalSection(ProjectConfigurationPlatforms) = postSolution
		{EFC4A81F-A993-4CCA-8391-C9326FAC93C2}.Debug|Any CPU.ActiveCfg = Debug|Any CPU
		{EFC4A81F-A993-4CCA-8391-C9326FAC93C2}.Debug|Any CPU.Build.0 = Debug|Any CPU
		{EFC4A81F-A993-4CCA-8391-C9326FAC93C2}.Release|Any CPU.ActiveCfg = Release|Any CPU
		{EFC4A81F-A993-4CCA-8391-C9326FAC93C2}.Release|Any CPU.Build.0 = Release|Any CPU
	EndGlobalSection
	GlobalSection(SolutionProperties) = preSolution
		HideSolutionNode = FALSE
	EndGlobalSection
	GlobalSection(ExtensibilityGlobals) = postSolution
		SolutionGuid = {702797F6-1050-44D9-9B38-267BC2806EE7}
	EndGlobalSection
EndGlobal
